dependencies:
  espressif/mdns:
    component_hash: 3ec0af5f6bce310512e90f482388d21cc7c0e99668172d2f895356165fc6f7c5
    dependencies:
    - name: idf
      require: private
      version: '>=5.0'
    source:
      registry_url: https://components.espressif.com/
      type: service
    version: 1.8.2
  espressif/usb_host_cdc_acm:
    component_hash: 72cd608e75ac356dd617239edcb4b9a0a63bdce7eae0c64c7715db5108bce578
    dependencies:
    - name: idf
      require: private
      version: '>=4.4'
    source:
      registry_url: https://components.espressif.com/
      type: service
    version: 2.1.0
  idf:
    source:
      type: idf
    version: 5.4.2
direct_dependencies:
- espressif/mdns
- espressif/usb_host_cdc_acm
manifest_hash: 4f7837ca20505f28c116b806b4d3d06e52b045af17b1b0e996d69174721eaad0
target: esp32s3
version: 2.0.0
